
Microsoft Visual Studio Solution File, Format Version 12.00
# Visual Studio Version 17
VisualStudioVersion = 17.3.32929.385
MinimumVisualStudioVersion = 10.0.40219.1
Project("{FAE04EC0-301F-11D3-BF4B-00C04F79EFBC}") = "ExcelWebAddIn1", "ExcelWebAddIn1\ExcelWebAddIn1.csproj", "{79DD1DA2-2D64-4E33-B4E9-206EC40A3728}"
EndProject
Project("{FAE04EC0-301F-11D3-BF4B-00C04F79EFBC}") = "ExcelWebAddIn1Web", "ExcelWebAddIn1Web\ExcelWebAddIn1Web.csproj", "{3B484A3E-C8E3-4CBE-9B5E-019BCA0250A7}"
EndProject
Global
	GlobalSection(SolutionConfigurationPlatforms) = preSolution
		Debug|Any CPU = Debug|Any CPU
		Release|Any CPU = Release|Any CPU
	EndGlobalSection
	GlobalSection(ProjectConfigurationPlatforms) = postSolution
		{79DD1DA2-2D64-4E33-B4E9-206EC40A3728}.Debug|Any CPU.ActiveCfg = Debug|Any CPU
		{79DD1DA2-2D64-4E33-B4E9-206EC40A3728}.Debug|Any CPU.Build.0 = Debug|Any CPU
		{79DD1DA2-2D64-4E33-B4E9-206EC40A3728}.Debug|Any CPU.Deploy.0 = Debug|Any CPU
		{79DD1DA2-2D64-4E33-B4E9-206EC40A3728}.Release|Any CPU.ActiveCfg = Release|Any CPU
		{79DD1DA2-2D64-4E33-B4E9-206EC40A3728}.Release|Any CPU.Build.0 = Release|Any CPU
		{79DD1DA2-2D64-4E33-B4E9-206EC40A3728}.Release|Any CPU.Deploy.0 = Release|Any CPU
		{3B484A3E-C8E3-4CBE-9B5E-019BCA0250A7}.Debug|Any CPU.ActiveCfg = Debug|Any CPU
		{3B484A3E-C8E3-4CBE-9B5E-019BCA0250A7}.Debug|Any CPU.Build.0 = Debug|Any CPU
		{3B484A3E-C8E3-4CBE-9B5E-019BCA0250A7}.Release|Any CPU.ActiveCfg = Release|Any CPU
		{3B484A3E-C8E3-4CBE-9B5E-019BCA0250A7}.Release|Any CPU.Build.0 = Release|Any CPU
	EndGlobalSection
	GlobalSection(SolutionProperties) = preSolution
		HideSolutionNode = FALSE
	EndGlobalSection
	GlobalSection(ExtensibilityGlobals) = postSolution
		SolutionGuid = {156430E0-4A11-4F6F-A30B-300C25F2E3DE}
	EndGlobalSection
EndGlobal
